// !$*UTF8*$!
{
	archiveVersion = 1;
	classes = {
	};
	objectVersion = 56;
	objects = {

/* Begin PBXBuildFile section */
		771ECD98298CC9390091A450 /* AppDelegate.swift in Sources */ = {isa = PBXBuildFile; fileRef = 771ECD97298CC9390091A450 /* AppDelegate.swift */; };
		771ECD9A298CC9390091A450 /* SceneDelegate.swift in Sources */ = {isa = PBXBuildFile; fileRef = 771ECD99298CC9390091A450 /* SceneDelegate.swift */; };
		771ECD9F298CC9390091A450 /* Main.storyboard in Resources */ = {isa = PBXBuildFile; fileRef = 771ECD9D298CC9390091A450 /* Main.storyboard */; };
		771ECDA1298CC9390091A450 /* Assets.xcassets in Resources */ = {isa = PBXBuildFile; fileRef = 771ECDA0298CC9390091A450 /* Assets.xcassets */; };
		771ECDA4298CC9390091A450 /* LaunchScreen.storyboard in Resources */ = {isa = PBXBuildFile; fileRef = 771ECDA2298CC9390091A450 /* LaunchScreen.storyboard */; };
		771ECDAC298CC9B30091A450 /* ListTableViewCell.swift in Sources */ = {isa = PBXBuildFile; fileRef = 771ECDAB298CC9B30091A450 /* ListTableViewCell.swift */; };
		771ECDAE298CCB7B0091A450 /* rhymeTableViewController.swift in Sources */ = {isa = PBXBuildFile; fileRef = 771ECDAD298CCB7B0091A450 /* rhymeTableViewController.swift */; };
		771ECDB0298CCBDF0091A450 /* Rhyme.swift in Sources */ = {isa = PBXBuildFile; fileRef = 771ECDAF298CCBDF0091A450 /* Rhyme.swift */; };
		771ECDB2298CCD7C0091A450 /* Sort.swift in Sources */ = {isa = PBXBuildFile; fileRef = 771ECDB1298CCD7C0091A450 /* Sort.swift */; };
		771ECDB4298E2D610091A450 /* SafariViewController.swift in Sources */ = {isa = PBXBuildFile; fileRef = 771ECDB3298E2D610091A450 /* SafariViewController.swift */; };
		771ECDB7298E36EB0091A450 /* ChineseSongTableViewCell.swift in Sources */ = {isa = PBXBuildFile; fileRef = 771ECDB6298E36EB0091A450 /* ChineseSongTableViewCell.swift */; };
/* End PBXBuildFile section */

/* Begin PBXFileReference section */
		771ECD94298CC9390091A450 /* TableView Practice(rhyme).app */ = {isa = PBXFileReference; explicitFileType = wrapper.application; includeInIndex = 0; path = "TableView Practice(rhyme).app"; sourceTree = BUILT_PRODUCTS_DIR; };
		771ECD97298CC9390091A450 /* AppDelegate.swift */ = {isa = PBXFileReference; lastKnownFileType = sourcecode.swift; path = AppDelegate.swift; sourceTree = "<group>"; };
		771ECD99298CC9390091A450 /* SceneDelegate.swift */ = {isa = PBXFileReference; lastKnownFileType = sourcecode.swift; path = SceneDelegate.swift; sourceTree = "<group>"; };
		771ECD9E298CC9390091A450 /* Base */ = {isa = PBXFileReference; lastKnownFileType = file.storyboard; name = Base; path = Base.lproj/Main.storyboard; sourceTree = "<group>"; };
		771ECDA0298CC9390091A450 /* Assets.xcassets */ = {isa = PBXFileReference; lastKnownFileType = folder.assetcatalog; path = Assets.xcassets; sourceTree = "<group>"; };
		771ECDA3298CC9390091A450 /* Base */ = {isa = PBXFileReference; lastKnownFileType = file.storyboard; name = Base; path = Base.lproj/LaunchScreen.storyboard; sourceTree = "<group>"; };
		771ECDA5298CC9390091A450 /* Info.plist */ = {isa = PBXFileReference; lastKnownFileType = text.plist.xml; path = Info.plist; sourceTree = "<group>"; };
		771ECDAB298CC9B30091A450 /* ListTableViewCell.swift */ = {isa = PBXFileReference; lastKnownFileType = sourcecode.swift; path = ListTableViewCell.swift; sourceTree = "<group>"; };
		771ECDAD298CCB7B0091A450 /* rhymeTableViewController.swift */ = {isa = PBXFileReference; lastKnownFileType = sourcecode.swift; path = rhymeTableViewController.swift; sourceTree = "<group>"; };
		771ECDAF298CCBDF0091A450 /* Rhyme.swift */ = {isa = PBXFileReference; lastKnownFileType = sourcecode.swift; path = Rhyme.swift; sourceTree = "<group>"; };
		771ECDB1298CCD7C0091A450 /* Sort.swift */ = {isa = PBXFileReference; lastKnownFileType = sourcecode.swift; path = Sort.swift; sourceTree = "<group>"; };
		771ECDB3298E2D610091A450 /* SafariViewController.swift */ = {isa = PBXFileReference; lastKnownFileType = sourcecode.swift; path = SafariViewController.swift; sourceTree = "<group>"; };
		771ECDB6298E36EB0091A450 /* ChineseSongTableViewCell.swift */ = {isa = PBXFileReference; lastKnownFileType = sourcecode.swift; path = ChineseSongTableViewCell.swift; sourceTree = "<group>"; };
/* End PBXFileReference section */

/* Begin PBXFrameworksBuildPhase section */
		771ECD91298CC9390091A450 /* Frameworks */ = {
			isa = PBXFrameworksBuildPhase;
			buildActionMask = 2147483647;
			files = (
			);
			runOnlyForDeploymentPostprocessing = 0;
		};
/* End PBXFrameworksBuildPhase section */

/* Begin PBXGroup section */
		771ECD8B298CC9390091A450 = {
			isa = PBXGroup;
			children = (
				771ECD96298CC9390091A450 /* TableView Practice(rhyme) */,
				771ECD95298CC9390091A450 /* Products */,
			);
			sourceTree = "<group>";
		};
		771ECD95298CC9390091A450 /* Products */ = {
			isa = PBXGroup;
			children = (
				771ECD94298CC9390091A450 /* TableView Practice(rhyme).app */,
			);
			name = Products;
			sourceTree = "<group>";
		};
		771ECD96298CC9390091A450 /* TableView Practice(rhyme) */ = {
			isa = PBXGroup;
			children = (
				771ECD97298CC9390091A450 /* AppDelegate.swift */,
				771ECD99298CC9390091A450 /* SceneDelegate.swift */,
				771ECDB5298E32BC0091A450 /* Controllers */,
				7723F82C2A53090200A9C734 /* Model */,
				7723F82B2A5308F300A9C734 /* View */,
				771ECD9D298CC9390091A450 /* Main.storyboard */,
				771ECDA2298CC9390091A450 /* LaunchScreen.storyboard */,
				771ECDA0298CC9390091A450 /* Assets.xcassets */,
				771ECDA5298CC9390091A450 /* Info.plist */,
			);
			path = "TableView Practice(rhyme)";
			sourceTree = "<group>";
		};
		771ECDB5298E32BC0091A450 /* Controllers */ = {
			isa = PBXGroup;
			children = (
				771ECDB3298E2D610091A450 /* SafariViewController.swift */,
				771ECDAD298CCB7B0091A450 /* rhymeTableViewController.swift */,
			);
			path = Controllers;
			sourceTree = "<group>";
		};
		7723F82B2A5308F300A9C734 /* View */ = {
			isa = PBXGroup;
			children = (
				771ECDAB298CC9B30091A450 /* ListTableViewCell.swift */,
				771ECDB6298E36EB0091A450 /* ChineseSongTableViewCell.swift */,
			);
			path = View;
			sourceTree = "<group>";
		};
		7723F82C2A53090200A9C734 /* Model */ = {
			isa = PBXGroup;
			children = (
				771ECDB1298CCD7C0091A450 /* Sort.swift */,
				771ECDAF298CCBDF0091A450 /* Rhyme.swift */,
			);
			path = Model;
			sourceTree = "<group>";
		};
/* End PBXGroup section */

/* Begin PBXNativeTarget section */
		771ECD93298CC9390091A450 /* TableView Practice(rhyme) */ = {
			isa = PBXNativeTarget;
			buildConfigurationList = 771ECDA8298CC9390091A450 /* Build configuration list for PBXNativeTarget "TableView Practice(rhyme)" */;
			buildPhases = (
				771ECD90298CC9390091A450 /* Sources */,
				771ECD91298CC9390091A450 /* Frameworks */,
				771ECD92298CC9390091A450 /* Resources */,
			);
			buildRules = (
			);
			dependencies = (
			);
			name = "TableView Practice(rhyme)";
			productName = "TableView Practice(rhyme)";
			productReference = 771ECD94298CC9390091A450 /* TableView Practice(rhyme).app */;
			productType = "com.apple.product-type.application";
		};
/* End PBXNativeTarget section */

/* Begin PBXProject section */
		771ECD8C298CC9390091A450 /* Project object */ = {
			isa = PBXProject;
			attributes = {
				BuildIndependentTargetsInParallel = 1;
				LastSwiftUpdateCheck = 1420;
				LastUpgradeCheck = 1420;
				TargetAttributes = {
					771ECD93298CC9390091A450 = {
						CreatedOnToolsVersion = 14.2;
					};
				};
			};
			buildConfigurationList = 771ECD8F298CC9390091A450 /* Build configuration list for PBXProject "TableView Practice(rhyme)" */;
			compatibilityVersion = "Xcode 14.0";
			developmentRegion = en;
			hasScannedForEncodings = 0;
			knownRegions = (
				en,
				Base,
			);
			mainGroup = 771ECD8B298CC9390091A450;
			productRefGroup = 771ECD95298CC9390091A450 /* Products */;
			projectDirPath = "";
			projectRoot = "";
			targets = (
				771ECD93298CC9390091A450 /* TableView Practice(rhyme) */,
			);
		};
/* End PBXProject section */

/* Begin PBXResourcesBuildPhase section */
		771ECD92298CC9390091A450 /* Resources */ = {
			isa = PBXResourcesBuildPhase;
			buildActionMask = 2147483647;
			files = (
				771ECDA4298CC9390091A450 /* LaunchScreen.storyboard in Resources */,
				771ECDA1298CC9390091A450 /* Assets.xcassets in Resources */,
				771ECD9F298CC9390091A450 /* Main.storyboard in Resources */,
			);
			runOnlyForDeploymentPostprocessing = 0;
		};
/* End PBXResourcesBuildPhase section */

/* Begin PBXSourcesBuildPhase section */
		771ECD90298CC9390091A450 /* Sources */ = {
			isa = PBXSourcesBuildPhase;
			buildActionMask = 2147483647;
			files = (
				771ECDAE298CCB7B0091A450 /* rhymeTableViewController.swift in Sources */,
				771ECDAC298CC9B30091A450 /* ListTableViewCell.swift in Sources */,
				771ECDB7298E36EB0091A450 /* ChineseSongTableViewCell.swift in Sources */,
				771ECD98298CC9390091A450 /* AppDelegate.swift in Sources */,
				771ECDB0298CCBDF0091A450 /* Rhyme.swift in Sources */,
				771ECD9A298CC9390091A450 /* SceneDelegate.swift in Sources */,
				771ECDB4298E2D610091A450 /* SafariViewController.swift in Sources */,
				771ECDB2298CCD7C0091A450 /* Sort.swift in Sources */,
			);
			runOnlyForDeploymentPostprocessing = 0;
		};
/* End PBXSourcesBuildPhase section */

/* Begin PBXVariantGroup section */
		771ECD9D298CC9390091A450 /* Main.storyboard */ = {
			isa = PBXVariantGroup;
			children = (
				771ECD9E298CC9390091A450 /* Base */,
			);
			name = Main.storyboard;
			sourceTree = "<group>";
		};
		771ECDA2298CC9390091A450 /* LaunchScreen.storyboard */ = {
			isa = PBXVariantGroup;
			children = (
				771ECDA3298CC9390091A450 /* Base */,
			);
			name = LaunchScreen.storyboard;
			sourceTree = "<group>";
		};
/* End PBXVariantGroup section */

/* Begin XCBuildConfiguration section */
		771ECDA6298CC9390091A450 /* Debug */ = {
			isa = XCBuildConfiguration;
			buildSettings = {
				ALWAYS_SEARCH_USER_PATHS = NO;
				CLANG_ANALYZER_NONNULL = YES;
				CLANG_ANALYZER_NUMBER_OBJECT_CONVERSION = YES_AGGRESSIVE;
				CLANG_CXX_LANGUAGE_STANDARD = "gnu++20";
				CLANG_ENABLE_MODULES = YES;
				CLANG_ENABLE_OBJC_ARC = YES;
				CLANG_ENABLE_OBJC_WEAK = YES;
				CLANG_WARN_BLOCK_CAPTURE_AUTORELEASING = YES;
				CLANG_WARN_BOOL_CONVERSION = YES;
				CLANG_WARN_COMMA = YES;
				CLANG_WARN_CONSTANT_CONVERSION = YES;
				CLANG_WARN_DEPRECATED_OBJC_IMPLEMENTATIONS = YES;
				CLANG_WARN_DIRECT_OBJC_ISA_USAGE = YES_ERROR;
				CLANG_WARN_DOCUMENTATION_COMMENTS = YES;
				CLANG_WARN_EMPTY_BODY = YES;
				CLANG_WARN_ENUM_CONVERSION = YES;
				CLANG_WARN_INFINITE_RECURSION = YES;
				CLANG_WARN_INT_CONVERSION = YES;
				CLANG_WARN_NON_LITERAL_NULL_CONVERSION = YES;
				CLANG_WARN_OBJC_IMPLICIT_RETAIN_SELF = YES;
				CLANG_WARN_OBJC_LITERAL_CONVERSION = YES;
				CLANG_WARN_OBJC_ROOT_CLASS = YES_ERROR;
				CLANG_WARN_QUOTED_INCLUDE_IN_FRAMEWORK_HEADER = YES;
				CLANG_WARN_RANGE_LOOP_ANALYSIS = YES;
				CLANG_WARN_STRICT_PROTOTYPES = YES;
				CLANG_WARN_SUSPICIOUS_MOVE = YES;
				CLANG_WARN_UNGUARDED_AVAILABILITY = YES_AGGRESSIVE;
				CLANG_WARN_UNREACHABLE_CODE = YES;
				CLANG_WARN__DUPLICATE_METHOD_MATCH = YES;
				COPY_PHASE_STRIP = NO;
				DEBUG_INFORMATION_FORMAT = dwarf;
				ENABLE_STRICT_OBJC_MSGSEND = YES;
				ENABLE_TESTABILITY = YES;
				GCC_C_LANGUAGE_STANDARD = gnu11;
				GCC_DYNAMIC_NO_PIC = NO;
				GCC_NO_COMMON_BLOCKS = YES;
				GCC_OPTIMIZATION_LEVEL = 0;
				GCC_PREPROCESSOR_DEFINITIONS = (
					"DEBUG=1",
					"$(inherited)",
				);
				GCC_WARN_64_TO_32_BIT_CONVERSION = YES;
				GCC_WARN_ABOUT_RETURN_TYPE = YES_ERROR;
				GCC_WARN_UNDECLARED_SELECTOR = YES;
				GCC_WARN_UNINITIALIZED_AUTOS = YES_AGGRESSIVE;
				GCC_WARN_UNUSED_FUNCTION = YES;
				GCC_WARN_UNUSED_VARIABLE = YES;
				IPHONEOS_DEPLOYMENT_TARGET = 16.2;
				MTL_ENABLE_DEBUG_INFO = INCLUDE_SOURCE;
				MTL_FAST_MATH = YES;
				ONLY_ACTIVE_ARCH = YES;
				SDKROOT = iphoneos;
				SWIFT_ACTIVE_COMPILATION_CONDITIONS = DEBUG;
				SWIFT_OPTIMIZATION_LEVEL = "-Onone";
			};
			name = Debug;
		};
		771ECDA7298CC9390091A450 /* Release */ = {
			isa = XCBuildConfiguration;
			buildSettings = {
				ALWAYS_SEARCH_USER_PATHS = NO;
				CLANG_ANALYZER_NONNULL = YES;
				CLANG_ANALYZER_NUMBER_OBJECT_CONVERSION = YES_AGGRESSIVE;
				CLANG_CXX_LANGUAGE_STANDARD = "gnu++20";
				CLANG_ENABLE_MODULES = YES;
				CLANG_ENABLE_OBJC_ARC = YES;
				CLANG_ENABLE_OBJC_WEAK = YES;
				CLANG_WARN_BLOCK_CAPTURE_AUTORELEASING = YES;
				CLANG_WARN_BOOL_CONVERSION = YES;
				CLANG_WARN_COMMA = YES;
				CLANG_WARN_CONSTANT_CONVERSION = YES;
				CLANG_WARN_DEPRECATED_OBJC_IMPLEMENTATIONS = YES;
				CLANG_WARN_DIRECT_OBJC_ISA_USAGE = YES_ERROR;
				CLANG_WARN_DOCUMENTATION_COMMENTS = YES;
				CLANG_WARN_EMPTY_BODY = YES;
				CLANG_WARN_ENUM_CONVERSION = YES;
				CLANG_WARN_INFINITE_RECURSION = YES;
				CLANG_WARN_INT_CONVERSION = YES;
				CLANG_WARN_NON_LITERAL_NULL_CONVERSION = YES;
				CLANG_WARN_OBJC_IMPLICIT_RETAIN_SELF = YES;
				CLANG_WARN_OBJC_LITERAL_CONVERSION = YES;
				CLANG_WARN_OBJC_ROOT_CLASS = YES_ERROR;
				CLANG_WARN_QUOTED_INCLUDE_IN_FRAMEWORK_HEADER = YES;
				CLANG_WARN_RANGE_LOOP_ANALYSIS = YES;
				CLANG_WARN_STRICT_PROTOTYPES = YES;
				CLANG_WARN_SUSPICIOUS_MOVE = YES;
				CLANG_WARN_UNGUARDED_AVAILABILITY = YES_AGGRESSIVE;
				CLANG_WARN_UNREACHABLE_CODE = YES;
				CLANG_WARN__DUPLICATE_METHOD_MATCH = YES;
				COPY_PHASE_STRIP = NO;
				DEBUG_INFORMATION_FORMAT = "dwarf-with-dsym";
				ENABLE_NS_ASSERTIONS = NO;
				ENABLE_STRICT_OBJC_MSGSEND = YES;
				GCC_C_LANGUAGE_STANDARD = gnu11;
				GCC_NO_COMMON_BLOCKS = YES;
				GCC_WARN_64_TO_32_BIT_CONVERSION = YES;
				GCC_WARN_ABOUT_RETURN_TYPE = YES_ERROR;
				GCC_WARN_UNDECLARED_SELECTOR = YES;
				GCC_WARN_UNINITIALIZED_AUTOS = YES_AGGRESSIVE;
				GCC_WARN_UNUSED_FUNCTION = YES;
				GCC_WARN_UNUSED_VARIABLE = YES;
				IPHONEOS_DEPLOYMENT_TARGET = 16.2;
				MTL_ENABLE_DEBUG_INFO = NO;
				MTL_FAST_MATH = YES;
				SDKROOT = iphoneos;
				SWIFT_COMPILATION_MODE = wholemodule;
				SWIFT_OPTIMIZATION_LEVEL = "-O";
				VALIDATE_PRODUCT = YES;
			};
			name = Release;
		};
		771ECDA9298CC9390091A450 /* Debug */ = {
			isa = XCBuildConfiguration;
			buildSettings = {
				ASSETCATALOG_COMPILER_APPICON_NAME = AppIcon;
				ASSETCATALOG_COMPILER_GLOBAL_ACCENT_COLOR_NAME = AccentColor;
				CODE_SIGN_STYLE = Automatic;
				CURRENT_PROJECT_VERSION = 1;
				DEVELOPMENT_TEAM = CFFK3CHSWD;
				GENERATE_INFOPLIST_FILE = YES;
				INFOPLIST_FILE = "TableView Practice(rhyme)/Info.plist";
				INFOPLIST_KEY_UIApplicationSupportsIndirectInputEvents = YES;
				INFOPLIST_KEY_UILaunchStoryboardName = LaunchScreen;
				INFOPLIST_KEY_UIMainStoryboardFile = Main;
				INFOPLIST_KEY_UISupportedInterfaceOrientations_iPad = "UIInterfaceOrientationPortrait UIInterfaceOrientationPortraitUpsideDown UIInterfaceOrientationLandscapeLeft UIInterfaceOrientationLandscapeRight";
				INFOPLIST_KEY_UISupportedInterfaceOrientations_iPhone = "UIInterfaceOrientationPortrait UIInterfaceOrientationLandscapeLeft UIInterfaceOrientationLandscapeRight";
				LD_RUNPATH_SEARCH_PATHS = (
					"$(inherited)",
					"@executable_path/Frameworks",
				);
				MARKETING_VERSION = 1.0;
				PRODUCT_BUNDLE_IDENTIFIER = "com.RyanCY.TableView-Practice-rhyme-";
				PRODUCT_NAME = "$(TARGET_NAME)";
				SWIFT_EMIT_LOC_STRINGS = YES;
				SWIFT_VERSION = 5.0;
				TARGETED_DEVICE_FAMILY = "1,2";
			};
			name = Debug;
		};
		771ECDAA298CC9390091A450 /* Release */ = {
			isa = XCBuildConfiguration;
			buildSettings = {
				ASSETCATALOG_COMPILER_APPICON_NAME = AppIcon;
				ASSETCATALOG_COMPILER_GLOBAL_ACCENT_COLOR_NAME = AccentColor;
				CODE_SIGN_STYLE = Automatic;
				CURRENT_PROJECT_VERSION = 1;
				DEVELOPMENT_TEAM = CFFK3CHSWD;
				GENERATE_INFOPLIST_FILE = YES;
				INFOPLIST_FILE = "TableView Practice(rhyme)/Info.plist";
				INFOPLIST_KEY_UIApplicationSupportsIndirectInputEvents = YES;
				INFOPLIST_KEY_UILaunchStoryboardName = LaunchScreen;
				INFOPLIST_KEY_UIMainStoryboardFile = Main;
				INFOPLIST_KEY_UISupportedInterfaceOrientations_iPad = "UIInterfaceOrientationPortrait UIInterfaceOrientationPortraitUpsideDown UIInterfaceOrientationLandscapeLeft UIInterfaceOrientationLandscapeRight";
				INFOPLIST_KEY_UISupportedInterfaceOrientations_iPhone = "UIInterfaceOrientationPortrait UIInterfaceOrientationLandscapeLeft UIInterfaceOrientationLandscapeRight";
				LD_RUNPATH_SEARCH_PATHS = (
					"$(inherited)",
					"@executable_path/Frameworks",
				);
				MARKETING_VERSION = 1.0;
				PRODUCT_BUNDLE_IDENTIFIER = "com.RyanCY.TableView-Practice-rhyme-";
				PRODUCT_NAME = "$(TARGET_NAME)";
				SWIFT_EMIT_LOC_STRINGS = YES;
				SWIFT_VERSION = 5.0;
				TARGETED_DEVICE_FAMILY = "1,2";
			};
			name = Release;
		};
/* End XCBuildConfiguration section */

/* Begin XCConfigurationList section */
		771ECD8F298CC9390091A450 /* Build configuration list for PBXProject "TableView Practice(rhyme)" */ = {
			isa = XCConfigurationList;
			buildConfigurations = (
				771ECDA6298CC9390091A450 /* Debug */,
				771ECDA7298CC9390091A450 /* Release */,
			);
			defaultConfigurationIsVisible = 0;
			defaultConfigurationName = Release;
		};
		771ECDA8298CC9390091A450 /* Build configuration list for PBXNativeTarget "TableView Practice(rhyme)" */ = {
			isa = XCConfigurationList;
			buildConfigurations = (
				771ECDA9298CC9390091A450 /* Debug */,
				771ECDAA298CC9390091A450 /* Release */,
			);
			defaultConfigurationIsVisible = 0;
			defaultConfigurationName = Release;
		};
/* End XCConfigurationList section */
	};
	rootObject = 771ECD8C298CC9390091A450 /* Project object */;
}
